{
  "requires": true,
  "lockfileVersion": 1,
  "dependencies": {
    "material-modal": {
      "version": "0.1.3",
      "resolved": "https://registry.npmjs.org/material-modal/-/material-modal-0.1.3.tgz",
      "integrity": "sha512-t3sgldb4OFPbvghUkKIUZboX3ltXXmf1gCgcjKf+t6sOyuUy2/yP5KiqpIKsJCz2Qd8PU84gx06X2nZChC6DZQ=="
    }
  }
}
